
Microsoft Visual Studio Solution File, Format Version 12.00
# Visual Studio Version 17
VisualStudioVersion = 17.8.34330.188
MinimumVisualStudioVersion = 10.0.40219.1
Project("{FAE04EC0-301F-11D3-BF4B-00C04F79EFBC}") = "HW_031123", "HW_031123\HW_031123.csproj", "{B410C389-69A6-4345-B45F-DCD1FB22F9D3}"
EndProject
Global
	GlobalSection(SolutionConfigurationPlatforms) = preSolution
		Debug|Any CPU = Debug|Any CPU
		Release|Any CPU = Release|Any CPU
	EndGlobalSection
	GlobalSection(ProjectConfigurationPlatforms) = postSolution
		{B410C389-69A6-4345-B45F-DCD1FB22F9D3}.Debug|Any CPU.ActiveCfg = Debug|Any CPU
		{B410C389-69A6-4345-B45F-DCD1FB22F9D3}.Debug|Any CPU.Build.0 = Debug|Any CPU
		{B410C389-69A6-4345-B45F-DCD1FB22F9D3}.Release|Any CPU.ActiveCfg = Release|Any CPU
		{B410C389-69A6-4345-B45F-DCD1FB22F9D3}.Release|Any CPU.Build.0 = Release|Any CPU
	EndGlobalSection
	GlobalSection(SolutionProperties) = preSolution
		HideSolutionNode = FALSE
	EndGlobalSection
	GlobalSection(ExtensibilityGlobals) = postSolution
		SolutionGuid = {7E87CB79-EDC0-462F-B0BB-0D33DC4D0B52}
	EndGlobalSection
EndGlobal
